// !$*UTF8*$!
{
	archiveVersion = 1;
	classes = {
	};
	objectVersion = 50;
	objects = {

/* Begin PBXBuildFile section */
		CF2A66A524E311B100223A36 /* AppDelegate.swift in Sources */ = {isa = PBXBuildFile; fileRef = CF2A66A424E311B100223A36 /* AppDelegate.swift */; };
		CF2A66A724E311B100223A36 /* SceneDelegate.swift in Sources */ = {isa = PBXBuildFile; fileRef = CF2A66A624E311B100223A36 /* SceneDelegate.swift */; };
		CF2A66AC24E311B100223A36 /* Main.storyboard in Resources */ = {isa = PBXBuildFile; fileRef = CF2A66AA24E311B100223A36 /* Main.storyboard */; };
		CF2A66AF24E311B100223A36 /* SelfGlow.xcdatamodeld in Sources */ = {isa = PBXBuildFile; fileRef = CF2A66AD24E311B100223A36 /* SelfGlow.xcdatamodeld */; };
		CF2A66B124E311B600223A36 /* Assets.xcassets in Resources */ = {isa = PBXBuildFile; fileRef = CF2A66B024E311B600223A36 /* Assets.xcassets */; };
		CF2A66C024E3A01300223A36 /* newsViewController.swift in Sources */ = {isa = PBXBuildFile; fileRef = CF2A66BF24E3A01300223A36 /* newsViewController.swift */; };
		CF2A66C424E3A33F00223A36 /* ViewController.swift in Sources */ = {isa = PBXBuildFile; fileRef = CF2A66C324E3A33F00223A36 /* ViewController.swift */; };
		CF2A66C824E3AB8500223A36 /* timerViewController.swift in Sources */ = {isa = PBXBuildFile; fileRef = CF2A66C724E3AB8500223A36 /* timerViewController.swift */; };
/* End PBXBuildFile section */

/* Begin PBXFileReference section */
		CF2A66A124E311B100223A36 /* SelfGlow.app */ = {isa = PBXFileReference; explicitFileType = wrapper.application; includeInIndex = 0; path = SelfGlow.app; sourceTree = BUILT_PRODUCTS_DIR; };
		CF2A66A424E311B100223A36 /* AppDelegate.swift */ = {isa = PBXFileReference; lastKnownFileType = sourcecode.swift; path = AppDelegate.swift; sourceTree = "<group>"; };
		CF2A66A624E311B100223A36 /* SceneDelegate.swift */ = {isa = PBXFileReference; lastKnownFileType = sourcecode.swift; path = SceneDelegate.swift; sourceTree = "<group>"; };
		CF2A66AB24E311B100223A36 /* Base */ = {isa = PBXFileReference; lastKnownFileType = file.storyboard; name = Base; path = Base.lproj/Main.storyboard; sourceTree = "<group>"; };
		CF2A66AE24E311B100223A36 /* SelfGlow.xcdatamodel */ = {isa = PBXFileReference; lastKnownFileType = wrapper.xcdatamodel; path = SelfGlow.xcdatamodel; sourceTree = "<group>"; };
		CF2A66B024E311B600223A36 /* Assets.xcassets */ = {isa = PBXFileReference; lastKnownFileType = folder.assetcatalog; path = Assets.xcassets; sourceTree = "<group>"; };
		CF2A66B524E311B600223A36 /* Info.plist */ = {isa = PBXFileReference; lastKnownFileType = text.plist.xml; path = Info.plist; sourceTree = "<group>"; };
		CF2A66BF24E3A01300223A36 /* newsViewController.swift */ = {isa = PBXFileReference; lastKnownFileType = sourcecode.swift; path = newsViewController.swift; sourceTree = "<group>"; };
		CF2A66C324E3A33F00223A36 /* ViewController.swift */ = {isa = PBXFileReference; lastKnownFileType = sourcecode.swift; path = ViewController.swift; sourceTree = "<group>"; };
		CF2A66C724E3AB8500223A36 /* timerViewController.swift */ = {isa = PBXFileReference; lastKnownFileType = sourcecode.swift; path = timerViewController.swift; sourceTree = "<group>"; };
/* End PBXFileReference section */

/* Begin PBXFrameworksBuildPhase section */
		CF2A669E24E311B100223A36 /* Frameworks */ = {
			isa = PBXFrameworksBuildPhase;
			buildActionMask = 2147483647;
			files = (
			);
			runOnlyForDeploymentPostprocessing = 0;
		};
/* End PBXFrameworksBuildPhase section */

/* Begin PBXGroup section */
		CF2A669824E311B100223A36 = {
			isa = PBXGroup;
			children = (
				CF2A66A324E311B100223A36 /* SelfGlow */,
				CF2A66A224E311B100223A36 /* Products */,
			);
			sourceTree = "<group>";
		};
		CF2A66A224E311B100223A36 /* Products */ = {
			isa = PBXGroup;
			children = (
				CF2A66A124E311B100223A36 /* SelfGlow.app */,
			);
			name = Products;
			sourceTree = "<group>";
		};
		CF2A66A324E311B100223A36 /* SelfGlow */ = {
			isa = PBXGroup;
			children = (
				CF2A66A424E311B100223A36 /* AppDelegate.swift */,
				CF2A66A624E311B100223A36 /* SceneDelegate.swift */,
				CF2A66AA24E311B100223A36 /* Main.storyboard */,
				CF2A66C724E3AB8500223A36 /* timerViewController.swift */,
				CF2A66C324E3A33F00223A36 /* ViewController.swift */,
				CF2A66BF24E3A01300223A36 /* newsViewController.swift */,
				CF2A66B024E311B600223A36 /* Assets.xcassets */,
				CF2A66B524E311B600223A36 /* Info.plist */,
				CF2A66AD24E311B100223A36 /* SelfGlow.xcdatamodeld */,
			);
			path = SelfGlow;
			sourceTree = "<group>";
		};
/* End PBXGroup section */

/* Begin PBXNativeTarget section */
		CF2A66A024E311B100223A36 /* SelfGlow */ = {
			isa = PBXNativeTarget;
			buildConfigurationList = CF2A66B824E311B600223A36 /* Build configuration list for PBXNativeTarget "SelfGlow" */;
			buildPhases = (
				CF2A669D24E311B100223A36 /* Sources */,
				CF2A669E24E311B100223A36 /* Frameworks */,
				CF2A669F24E311B100223A36 /* Resources */,
			);
			buildRules = (
			);
			dependencies = (
			);
			name = SelfGlow;
			productName = SelfGlow;
			productReference = CF2A66A124E311B100223A36 /* SelfGlow.app */;
			productType = "com.apple.product-type.application";
		};
/* End PBXNativeTarget section */

/* Begin PBXProject section */
		CF2A669924E311B100223A36 /* Project object */ = {
			isa = PBXProject;
			attributes = {
				LastSwiftUpdateCheck = 1160;
				LastUpgradeCheck = 1160;
				ORGANIZATIONNAME = "Carly Wenig";
				TargetAttributes = {
					CF2A66A024E311B100223A36 = {
						CreatedOnToolsVersion = 11.6;
					};
				};
			};
			buildConfigurationList = CF2A669C24E311B100223A36 /* Build configuration list for PBXProject "SelfGlow" */;
			compatibilityVersion = "Xcode 9.3";
			developmentRegion = en;
			hasScannedForEncodings = 0;
			knownRegions = (
				en,
				Base,
			);
			mainGroup = CF2A669824E311B100223A36;
			productRefGroup = CF2A66A224E311B100223A36 /* Products */;
			projectDirPath = "";
			projectRoot = "";
			targets = (
				CF2A66A024E311B100223A36 /* SelfGlow */,
			);
		};
/* End PBXProject section */

/* Begin PBXResourcesBuildPhase section */
		CF2A669F24E311B100223A36 /* Resources */ = {
			isa = PBXResourcesBuildPhase;
			buildActionMask = 2147483647;
			files = (
				CF2A66B124E311B600223A36 /* Assets.xcassets in Resources */,
				CF2A66AC24E311B100223A36 /* Main.storyboard in Resources */,
			);
			runOnlyForDeploymentPostprocessing = 0;
		};
/* End PBXResourcesBuildPhase section */

/* Begin PBXSourcesBuildPhase section */
		CF2A669D24E311B100223A36 /* Sources */ = {
			isa = PBXSourcesBuildPhase;
			buildActionMask = 2147483647;
			files = (
				CF2A66C824E3AB8500223A36 /* timerViewController.swift in Sources */,
				CF2A66C424E3A33F00223A36 /* ViewController.swift in Sources */,
				CF2A66AF24E311B100223A36 /* SelfGlow.xcdatamodeld in Sources */,
				CF2A66A524E311B100223A36 /* AppDelegate.swift in Sources */,
				CF2A66A724E311B100223A36 /* SceneDelegate.swift in Sources */,
				CF2A66C024E3A01300223A36 /* newsViewController.swift in Sources */,
			);
			runOnlyForDeploymentPostprocessing = 0;
		};
/* End PBXSourcesBuildPhase section */

/* Begin PBXVariantGroup section */
		CF2A66AA24E311B100223A36 /* Main.storyboard */ = {
			isa = PBXVariantGroup;
			children = (
				CF2A66AB24E311B100223A36 /* Base */,
			);
			name = Main.storyboard;
			sourceTree = "<group>";
		};
/* End PBXVariantGroup section */

/* Begin XCBuildConfiguration section */
		CF2A66B624E311B600223A36 /* Debug */ = {
			isa = XCBuildConfiguration;
			buildSettings = {
				ALWAYS_SEARCH_USER_PATHS = NO;
				CLANG_ANALYZER_NONNULL = YES;
				CLANG_ANALYZER_NUMBER_OBJECT_CONVERSION = YES_AGGRESSIVE;
				CLANG_CXX_LANGUAGE_STANDARD = "gnu++14";
				CLANG_CXX_LIBRARY = "libc++";
				CLANG_ENABLE_MODULES = YES;
				CLANG_ENABLE_OBJC_ARC = YES;
				CLANG_ENABLE_OBJC_WEAK = YES;
				CLANG_WARN_BLOCK_CAPTURE_AUTORELEASING = YES;
				CLANG_WARN_BOOL_CONVERSION = YES;
				CLANG_WARN_COMMA = YES;
				CLANG_WARN_CONSTANT_CONVERSION = YES;
				CLANG_WARN_DEPRECATED_OBJC_IMPLEMENTATIONS = YES;
				CLANG_WARN_DIRECT_OBJC_ISA_USAGE = YES_ERROR;
				CLANG_WARN_DOCUMENTATION_COMMENTS = YES;
				CLANG_WARN_EMPTY_BODY = YES;
				CLANG_WARN_ENUM_CONVERSION = YES;
				CLANG_WARN_INFINITE_RECURSION = YES;
				CLANG_WARN_INT_CONVERSION = YES;
				CLANG_WARN_NON_LITERAL_NULL_CONVERSION = YES;
				CLANG_WARN_OBJC_IMPLICIT_RETAIN_SELF = YES;
				CLANG_WARN_OBJC_LITERAL_CONVERSION = YES;
				CLANG_WARN_OBJC_ROOT_CLASS = YES_ERROR;
				CLANG_WARN_RANGE_LOOP_ANALYSIS = YES;
				CLANG_WARN_STRICT_PROTOTYPES = YES;
				CLANG_WARN_SUSPICIOUS_MOVE = YES;
				CLANG_WARN_UNGUARDED_AVAILABILITY = YES_AGGRESSIVE;
				CLANG_WARN_UNREACHABLE_CODE = YES;
				CLANG_WARN__DUPLICATE_METHOD_MATCH = YES;
				COPY_PHASE_STRIP = NO;
				DEBUG_INFORMATION_FORMAT = dwarf;
				ENABLE_STRICT_OBJC_MSGSEND = YES;
				ENABLE_TESTABILITY = YES;
				GCC_C_LANGUAGE_STANDARD = gnu11;
				GCC_DYNAMIC_NO_PIC = NO;
				GCC_NO_COMMON_BLOCKS = YES;
				GCC_OPTIMIZATION_LEVEL = 0;
				GCC_PREPROCESSOR_DEFINITIONS = (
					"DEBUG=1",
					"$(inherited)",
				);
				GCC_WARN_64_TO_32_BIT_CONVERSION = YES;
				GCC_WARN_ABOUT_RETURN_TYPE = YES_ERROR;
				GCC_WARN_UNDECLARED_SELECTOR = YES;
				GCC_WARN_UNINITIALIZED_AUTOS = YES_AGGRESSIVE;
				GCC_WARN_UNUSED_FUNCTION = YES;
				GCC_WARN_UNUSED_VARIABLE = YES;
				IPHONEOS_DEPLOYMENT_TARGET = 13.6;
				MTL_ENABLE_DEBUG_INFO = INCLUDE_SOURCE;
				MTL_FAST_MATH = YES;
				ONLY_ACTIVE_ARCH = YES;
				SDKROOT = iphoneos;
				SWIFT_ACTIVE_COMPILATION_CONDITIONS = DEBUG;
				SWIFT_OPTIMIZATION_LEVEL = "-Onone";
			};
			name = Debug;
		};
		CF2A66B724E311B600223A36 /* Release */ = {
			isa = XCBuildConfiguration;
			buildSettings = {
				ALWAYS_SEARCH_USER_PATHS = NO;
				CLANG_ANALYZER_NONNULL = YES;
				CLANG_ANALYZER_NUMBER_OBJECT_CONVERSION = YES_AGGRESSIVE;
				CLANG_CXX_LANGUAGE_STANDARD = "gnu++14";
				CLANG_CXX_LIBRARY = "libc++";
				CLANG_ENABLE_MODULES = YES;
				CLANG_ENABLE_OBJC_ARC = YES;
				CLANG_ENABLE_OBJC_WEAK = YES;
				CLANG_WARN_BLOCK_CAPTURE_AUTORELEASING = YES;
				CLANG_WARN_BOOL_CONVERSION = YES;
				CLANG_WARN_COMMA = YES;
				CLANG_WARN_CONSTANT_CONVERSION = YES;
				CLANG_WARN_DEPRECATED_OBJC_IMPLEMENTATIONS = YES;
				CLANG_WARN_DIRECT_OBJC_ISA_USAGE = YES_ERROR;
				CLANG_WARN_DOCUMENTATION_COMMENTS = YES;
				CLANG_WARN_EMPTY_BODY = YES;
				CLANG_WARN_ENUM_CONVERSION = YES;
				CLANG_WARN_INFINITE_RECURSION = YES;
				CLANG_WARN_INT_CONVERSION = YES;
				CLANG_WARN_NON_LITERAL_NULL_CONVERSION = YES;
				CLANG_WARN_OBJC_IMPLICIT_RETAIN_SELF = YES;
				CLANG_WARN_OBJC_LITERAL_CONVERSION = YES;
				CLANG_WARN_OBJC_ROOT_CLASS = YES_ERROR;
				CLANG_WARN_RANGE_LOOP_ANALYSIS = YES;
				CLANG_WARN_STRICT_PROTOTYPES = YES;
				CLANG_WARN_SUSPICIOUS_MOVE = YES;
				CLANG_WARN_UNGUARDED_AVAILABILITY = YES_AGGRESSIVE;
				CLANG_WARN_UNREACHABLE_CODE = YES;
				CLANG_WARN__DUPLICATE_METHOD_MATCH = YES;
				COPY_PHASE_STRIP = NO;
				DEBUG_INFORMATION_FORMAT = "dwarf-with-dsym";
				ENABLE_NS_ASSERTIONS = NO;
				ENABLE_STRICT_OBJC_MSGSEND = YES;
				GCC_C_LANGUAGE_STANDARD = gnu11;
				GCC_NO_COMMON_BLOCKS = YES;
				GCC_WARN_64_TO_32_BIT_CONVERSION = YES;
				GCC_WARN_ABOUT_RETURN_TYPE = YES_ERROR;
				GCC_WARN_UNDECLARED_SELECTOR = YES;
				GCC_WARN_UNINITIALIZED_AUTOS = YES_AGGRESSIVE;
				GCC_WARN_UNUSED_FUNCTION = YES;
				GCC_WARN_UNUSED_VARIABLE = YES;
				IPHONEOS_DEPLOYMENT_TARGET = 13.6;
				MTL_ENABLE_DEBUG_INFO = NO;
				MTL_FAST_MATH = YES;
				SDKROOT = iphoneos;
				SWIFT_COMPILATION_MODE = wholemodule;
				SWIFT_OPTIMIZATION_LEVEL = "-O";
				VALIDATE_PRODUCT = YES;
			};
			name = Release;
		};
		CF2A66B924E311B600223A36 /* Debug */ = {
			isa = XCBuildConfiguration;
			buildSettings = {
				ASSETCATALOG_COMPILER_APPICON_NAME = AppIcon;
				CODE_SIGN_STYLE = Automatic;
				DEVELOPMENT_TEAM = GR52CMF395;
				INFOPLIST_FILE = SelfGlow/Info.plist;
				LD_RUNPATH_SEARCH_PATHS = (
					"$(inherited)",
					"@executable_path/Frameworks",
				);
				PRODUCT_BUNDLE_IDENTIFIER = KWK.SelfGlow;
				PRODUCT_NAME = "$(TARGET_NAME)";
				SWIFT_VERSION = 5.0;
				TARGETED_DEVICE_FAMILY = "1,2";
			};
			name = Debug;
		};
		CF2A66BA24E311B600223A36 /* Release */ = {
			isa = XCBuildConfiguration;
			buildSettings = {
				ASSETCATALOG_COMPILER_APPICON_NAME = AppIcon;
				CODE_SIGN_STYLE = Automatic;
				DEVELOPMENT_TEAM = GR52CMF395;
				INFOPLIST_FILE = SelfGlow/Info.plist;
				LD_RUNPATH_SEARCH_PATHS = (
					"$(inherited)",
					"@executable_path/Frameworks",
				);
				PRODUCT_BUNDLE_IDENTIFIER = KWK.SelfGlow;
				PRODUCT_NAME = "$(TARGET_NAME)";
				SWIFT_VERSION = 5.0;
				TARGETED_DEVICE_FAMILY = "1,2";
			};
			name = Release;
		};
/* End XCBuildConfiguration section */

/* Begin XCConfigurationList section */
		CF2A669C24E311B100223A36 /* Build configuration list for PBXProject "SelfGlow" */ = {
			isa = XCConfigurationList;
			buildConfigurations = (
				CF2A66B624E311B600223A36 /* Debug */,
				CF2A66B724E311B600223A36 /* Release */,
			);
			defaultConfigurationIsVisible = 0;
			defaultConfigurationName = Release;
		};
		CF2A66B824E311B600223A36 /* Build configuration list for PBXNativeTarget "SelfGlow" */ = {
			isa = XCConfigurationList;
			buildConfigurations = (
				CF2A66B924E311B600223A36 /* Debug */,
				CF2A66BA24E311B600223A36 /* Release */,
			);
			defaultConfigurationIsVisible = 0;
			defaultConfigurationName = Release;
		};
/* End XCConfigurationList section */

/* Begin XCVersionGroup section */
		CF2A66AD24E311B100223A36 /* SelfGlow.xcdatamodeld */ = {
			isa = XCVersionGroup;
			children = (
				CF2A66AE24E311B100223A36 /* SelfGlow.xcdatamodel */,
			);
			currentVersion = CF2A66AE24E311B100223A36 /* SelfGlow.xcdatamodel */;
			path = SelfGlow.xcdatamodeld;
			sourceTree = "<group>";
			versionGroupType = wrapper.xcdatamodel;
		};
/* End XCVersionGroup section */
	};
	rootObject = CF2A669924E311B100223A36 /* Project object */;
}
